<Solution>
  <Project Path="CustomerManagement.Shared/CustomerManagement.Shared.csproj" />
  <Project Path="CustomerManagement.WinForms/CustomerManagement.WinForms.csproj" />
  <Project Path="CustomerManagement.WinUI/CustomerManagement.WinUI.csproj">
    <Platform Project="x64" />
    <Deploy />
  </Project>
  <Project Path="CustomerManagement.Wpf/CustomerManagement.Wpf.csproj" />
</Solution>
