<Solution>
  <Configurations>
    <Platform Name="ARM64" />
    <Platform Name="x64" />
    <Platform Name="x86" />
  </Configurations>
  <Project Path="CustomerManagement.Application/CustomerManagement.Application.csproj" />
  <Project Path="CustomerManagement.Domain/CustomerManagement.Domain.csproj" />
  <Project Path="CustomerManagement.Infrastructure/CustomerManagement.Infrastructure.csproj" />
  <Project Path="CustomerManagment.GuiApp/CustomerManagment.GuiApp.csproj">
    <Platform Solution="*|ARM64" Project="ARM64" />
    <Platform Solution="*|x64" Project="x64" />
    <Platform Solution="*|x86" Project="x86" />
    <Deploy />
  </Project>
</Solution>
